
Microsoft Visual Studio Solution File, Format Version 12.00
# Visual Studio Version 16
VisualStudioVersion = 16.0.31205.134
MinimumVisualStudioVersion = 10.0.40219.1
Project("{FAE04EC0-301F-11D3-BF4B-00C04F79EFBC}") = "senai.SpMedGroup.webApi", "senai.SpMedGroup.webApi\senai.SpMedGroup.webApi.csproj", "{3D84FFA7-15C1-4C42-8302-539E341FB02C}"
EndProject
Global
	GlobalSection(SolutionConfigurationPlatforms) = preSolution
		Debug|Any CPU = Debug|Any CPU
		Release|Any CPU = Release|Any CPU
	EndGlobalSection
	GlobalSection(ProjectConfigurationPlatforms) = postSolution
		{3D84FFA7-15C1-4C42-8302-539E341FB02C}.Debug|Any CPU.ActiveCfg = Debug|Any CPU
		{3D84FFA7-15C1-4C42-8302-539E341FB02C}.Debug|Any CPU.Build.0 = Debug|Any CPU
		{3D84FFA7-15C1-4C42-8302-539E341FB02C}.Release|Any CPU.ActiveCfg = Release|Any CPU
		{3D84FFA7-15C1-4C42-8302-539E341FB02C}.Release|Any CPU.Build.0 = Release|Any CPU
	EndGlobalSection
	GlobalSection(SolutionProperties) = preSolution
		HideSolutionNode = FALSE
	EndGlobalSection
	GlobalSection(ExtensibilityGlobals) = postSolution
		SolutionGuid = {C490CC44-A105-47EC-894F-BFC9F219F148}
	EndGlobalSection
EndGlobal
